// !$*UTF8*$!
{
	archiveVersion = 1;
	classes = {
	};
	objectVersion = 56;
	objects = {

/* Begin PBXBuildFile section */
		B56B85492AD7759A005DA13D /* AgendaRow.swift in Sources */ = {isa = PBXBuildFile; fileRef = B56B85482AD7759A005DA13D /* AgendaRow.swift */; };
		B56B854B2AD775A8005DA13D /* CustomSegmentedBar.swift in Sources */ = {isa = PBXBuildFile; fileRef = B56B854A2AD775A8005DA13D /* CustomSegmentedBar.swift */; };
		B56B854D2AD77B1B005DA13D /* AgendaList.swift in Sources */ = {isa = PBXBuildFile; fileRef = B56B854C2AD77B1B005DA13D /* AgendaList.swift */; };
		B5ABD6B12AD451550072ECC3 /* AgendaApp.swift in Sources */ = {isa = PBXBuildFile; fileRef = B5ABD6B02AD451550072ECC3 /* AgendaApp.swift */; };
		B5ABD6B32AD451550072ECC3 /* ContentView.swift in Sources */ = {isa = PBXBuildFile; fileRef = B5ABD6B22AD451550072ECC3 /* ContentView.swift */; };
		B5ABD6B52AD451560072ECC3 /* Assets.xcassets in Resources */ = {isa = PBXBuildFile; fileRef = B5ABD6B42AD451560072ECC3 /* Assets.xcassets */; };
		B5ABD6B82AD451560072ECC3 /* Preview Assets.xcassets in Resources */ = {isa = PBXBuildFile; fileRef = B5ABD6B72AD451560072ECC3 /* Preview Assets.xcassets */; };
		B5ABD6BA2AD451560072ECC3 /* Persistence.swift in Sources */ = {isa = PBXBuildFile; fileRef = B5ABD6B92AD451560072ECC3 /* Persistence.swift */; };
		B5ABD6BD2AD451560072ECC3 /* Agenda.xcdatamodeld in Sources */ = {isa = PBXBuildFile; fileRef = B5ABD6BB2AD451560072ECC3 /* Agenda.xcdatamodeld */; };
		B5ABD6C62AD4A5190072ECC3 /* Home.swift in Sources */ = {isa = PBXBuildFile; fileRef = B5ABD6C52AD4A5190072ECC3 /* Home.swift */; };
		B5ABD6C82AD4A77C0072ECC3 /* AgendaViewModel.swift in Sources */ = {isa = PBXBuildFile; fileRef = B5ABD6C72AD4A77C0072ECC3 /* AgendaViewModel.swift */; };
		B5ABD6CA2AD4D5290072ECC3 /* AddNewAgenda.swift in Sources */ = {isa = PBXBuildFile; fileRef = B5ABD6C92AD4D5290072ECC3 /* AddNewAgenda.swift */; };
		B5ABD6CC2AD5EE610072ECC3 /* DynamicFilteredView.swift in Sources */ = {isa = PBXBuildFile; fileRef = B5ABD6CB2AD5EE610072ECC3 /* DynamicFilteredView.swift */; };
/* End PBXBuildFile section */

/* Begin PBXFileReference section */
		B56B85482AD7759A005DA13D /* AgendaRow.swift */ = {isa = PBXFileReference; lastKnownFileType = sourcecode.swift; path = AgendaRow.swift; sourceTree = "<group>"; };
		B56B854A2AD775A8005DA13D /* CustomSegmentedBar.swift */ = {isa = PBXFileReference; lastKnownFileType = sourcecode.swift; path = CustomSegmentedBar.swift; sourceTree = "<group>"; };
		B56B854C2AD77B1B005DA13D /* AgendaList.swift */ = {isa = PBXFileReference; lastKnownFileType = sourcecode.swift; path = AgendaList.swift; sourceTree = "<group>"; };
		B5ABD6AD2AD451550072ECC3 /* Agenda.app */ = {isa = PBXFileReference; explicitFileType = wrapper.application; includeInIndex = 0; path = Agenda.app; sourceTree = BUILT_PRODUCTS_DIR; };
		B5ABD6B02AD451550072ECC3 /* AgendaApp.swift */ = {isa = PBXFileReference; lastKnownFileType = sourcecode.swift; path = AgendaApp.swift; sourceTree = "<group>"; };
		B5ABD6B22AD451550072ECC3 /* ContentView.swift */ = {isa = PBXFileReference; lastKnownFileType = sourcecode.swift; path = ContentView.swift; sourceTree = "<group>"; };
		B5ABD6B42AD451560072ECC3 /* Assets.xcassets */ = {isa = PBXFileReference; lastKnownFileType = folder.assetcatalog; path = Assets.xcassets; sourceTree = "<group>"; };
		B5ABD6B72AD451560072ECC3 /* Preview Assets.xcassets */ = {isa = PBXFileReference; lastKnownFileType = folder.assetcatalog; path = "Preview Assets.xcassets"; sourceTree = "<group>"; };
		B5ABD6B92AD451560072ECC3 /* Persistence.swift */ = {isa = PBXFileReference; lastKnownFileType = sourcecode.swift; path = Persistence.swift; sourceTree = "<group>"; };
		B5ABD6BC2AD451560072ECC3 /* Agenda.xcdatamodel */ = {isa = PBXFileReference; lastKnownFileType = wrapper.xcdatamodel; path = Agenda.xcdatamodel; sourceTree = "<group>"; };
		B5ABD6C52AD4A5190072ECC3 /* Home.swift */ = {isa = PBXFileReference; lastKnownFileType = sourcecode.swift; path = Home.swift; sourceTree = "<group>"; };
		B5ABD6C72AD4A77C0072ECC3 /* AgendaViewModel.swift */ = {isa = PBXFileReference; lastKnownFileType = sourcecode.swift; path = AgendaViewModel.swift; sourceTree = "<group>"; };
		B5ABD6C92AD4D5290072ECC3 /* AddNewAgenda.swift */ = {isa = PBXFileReference; lastKnownFileType = sourcecode.swift; path = AddNewAgenda.swift; sourceTree = "<group>"; };
		B5ABD6CB2AD5EE610072ECC3 /* DynamicFilteredView.swift */ = {isa = PBXFileReference; lastKnownFileType = sourcecode.swift; path = DynamicFilteredView.swift; sourceTree = "<group>"; };
/* End PBXFileReference section */

/* Begin PBXFrameworksBuildPhase section */
		B5ABD6AA2AD451550072ECC3 /* Frameworks */ = {
			isa = PBXFrameworksBuildPhase;
			buildActionMask = 2147483647;
			files = (
			);
			runOnlyForDeploymentPostprocessing = 0;
		};
/* End PBXFrameworksBuildPhase section */

/* Begin PBXGroup section */
		B56B85472AD77574005DA13D /* SubViews */ = {
			isa = PBXGroup;
			children = (
				B56B85482AD7759A005DA13D /* AgendaRow.swift */,
				B56B854A2AD775A8005DA13D /* CustomSegmentedBar.swift */,
				B56B854C2AD77B1B005DA13D /* AgendaList.swift */,
			);
			path = SubViews;
			sourceTree = "<group>";
		};
		B5ABD6A42AD451550072ECC3 = {
			isa = PBXGroup;
			children = (
				B5ABD6AF2AD451550072ECC3 /* Agenda */,
				B5ABD6AE2AD451550072ECC3 /* Products */,
			);
			sourceTree = "<group>";
		};
		B5ABD6AE2AD451550072ECC3 /* Products */ = {
			isa = PBXGroup;
			children = (
				B5ABD6AD2AD451550072ECC3 /* Agenda.app */,
			);
			name = Products;
			sourceTree = "<group>";
		};
		B5ABD6AF2AD451550072ECC3 /* Agenda */ = {
			isa = PBXGroup;
			children = (
				B56B85472AD77574005DA13D /* SubViews */,
				B5ABD6C42AD4A50B0072ECC3 /* ViewModel */,
				B5ABD6C32AD4A5020072ECC3 /* View */,
				B5ABD6B02AD451550072ECC3 /* AgendaApp.swift */,
				B5ABD6B22AD451550072ECC3 /* ContentView.swift */,
				B5ABD6B42AD451560072ECC3 /* Assets.xcassets */,
				B5ABD6B92AD451560072ECC3 /* Persistence.swift */,
				B5ABD6BB2AD451560072ECC3 /* Agenda.xcdatamodeld */,
				B5ABD6B62AD451560072ECC3 /* Preview Content */,
			);
			path = Agenda;
			sourceTree = "<group>";
		};
		B5ABD6B62AD451560072ECC3 /* Preview Content */ = {
			isa = PBXGroup;
			children = (
				B5ABD6B72AD451560072ECC3 /* Preview Assets.xcassets */,
			);
			path = "Preview Content";
			sourceTree = "<group>";
		};
		B5ABD6C32AD4A5020072ECC3 /* View */ = {
			isa = PBXGroup;
			children = (
				B5ABD6C52AD4A5190072ECC3 /* Home.swift */,
				B5ABD6C92AD4D5290072ECC3 /* AddNewAgenda.swift */,
				B5ABD6CB2AD5EE610072ECC3 /* DynamicFilteredView.swift */,
			);
			path = View;
			sourceTree = "<group>";
		};
		B5ABD6C42AD4A50B0072ECC3 /* ViewModel */ = {
			isa = PBXGroup;
			children = (
				B5ABD6C72AD4A77C0072ECC3 /* AgendaViewModel.swift */,
			);
			path = ViewModel;
			sourceTree = "<group>";
		};
/* End PBXGroup section */

/* Begin PBXNativeTarget section */
		B5ABD6AC2AD451550072ECC3 /* Agenda */ = {
			isa = PBXNativeTarget;
			buildConfigurationList = B5ABD6C02AD451560072ECC3 /* Build configuration list for PBXNativeTarget "Agenda" */;
			buildPhases = (
				B5ABD6A92AD451550072ECC3 /* Sources */,
				B5ABD6AA2AD451550072ECC3 /* Frameworks */,
				B5ABD6AB2AD451550072ECC3 /* Resources */,
			);
			buildRules = (
			);
			dependencies = (
			);
			name = Agenda;
			productName = Agenda;
			productReference = B5ABD6AD2AD451550072ECC3 /* Agenda.app */;
			productType = "com.apple.product-type.application";
		};
/* End PBXNativeTarget section */

/* Begin PBXProject section */
		B5ABD6A52AD451550072ECC3 /* Project object */ = {
			isa = PBXProject;
			attributes = {
				BuildIndependentTargetsInParallel = 1;
				LastSwiftUpdateCheck = 1500;
				LastUpgradeCheck = 1500;
				TargetAttributes = {
					B5ABD6AC2AD451550072ECC3 = {
						CreatedOnToolsVersion = 15.0;
					};
				};
			};
			buildConfigurationList = B5ABD6A82AD451550072ECC3 /* Build configuration list for PBXProject "Agenda" */;
			compatibilityVersion = "Xcode 14.0";
			developmentRegion = en;
			hasScannedForEncodings = 0;
			knownRegions = (
				en,
				Base,
			);
			mainGroup = B5ABD6A42AD451550072ECC3;
			productRefGroup = B5ABD6AE2AD451550072ECC3 /* Products */;
			projectDirPath = "";
			projectRoot = "";
			targets = (
				B5ABD6AC2AD451550072ECC3 /* Agenda */,
			);
		};
/* End PBXProject section */

/* Begin PBXResourcesBuildPhase section */
		B5ABD6AB2AD451550072ECC3 /* Resources */ = {
			isa = PBXResourcesBuildPhase;
			buildActionMask = 2147483647;
			files = (
				B5ABD6B82AD451560072ECC3 /* Preview Assets.xcassets in Resources */,
				B5ABD6B52AD451560072ECC3 /* Assets.xcassets in Resources */,
			);
			runOnlyForDeploymentPostprocessing = 0;
		};
/* End PBXResourcesBuildPhase section */

/* Begin PBXSourcesBuildPhase section */
		B5ABD6A92AD451550072ECC3 /* Sources */ = {
			isa = PBXSourcesBuildPhase;
			buildActionMask = 2147483647;
			files = (
				B56B854D2AD77B1B005DA13D /* AgendaList.swift in Sources */,
				B5ABD6BA2AD451560072ECC3 /* Persistence.swift in Sources */,
				B56B85492AD7759A005DA13D /* AgendaRow.swift in Sources */,
				B5ABD6B32AD451550072ECC3 /* ContentView.swift in Sources */,
				B5ABD6CA2AD4D5290072ECC3 /* AddNewAgenda.swift in Sources */,
				B5ABD6CC2AD5EE610072ECC3 /* DynamicFilteredView.swift in Sources */,
				B56B854B2AD775A8005DA13D /* CustomSegmentedBar.swift in Sources */,
				B5ABD6C82AD4A77C0072ECC3 /* AgendaViewModel.swift in Sources */,
				B5ABD6C62AD4A5190072ECC3 /* Home.swift in Sources */,
				B5ABD6B12AD451550072ECC3 /* AgendaApp.swift in Sources */,
				B5ABD6BD2AD451560072ECC3 /* Agenda.xcdatamodeld in Sources */,
			);
			runOnlyForDeploymentPostprocessing = 0;
		};
/* End PBXSourcesBuildPhase section */

/* Begin XCBuildConfiguration section */
		B5ABD6BE2AD451560072ECC3 /* Debug */ = {
			isa = XCBuildConfiguration;
			buildSettings = {
				ALWAYS_SEARCH_USER_PATHS = NO;
				ASSETCATALOG_COMPILER_GENERATE_SWIFT_ASSET_SYMBOL_EXTENSIONS = YES;
				CLANG_ANALYZER_NONNULL = YES;
				CLANG_ANALYZER_NUMBER_OBJECT_CONVERSION = YES_AGGRESSIVE;
				CLANG_CXX_LANGUAGE_STANDARD = "gnu++20";
				CLANG_ENABLE_MODULES = YES;
				CLANG_ENABLE_OBJC_ARC = YES;
				CLANG_ENABLE_OBJC_WEAK = YES;
				CLANG_WARN_BLOCK_CAPTURE_AUTORELEASING = YES;
				CLANG_WARN_BOOL_CONVERSION = YES;
				CLANG_WARN_COMMA = YES;
				CLANG_WARN_CONSTANT_CONVERSION = YES;
				CLANG_WARN_DEPRECATED_OBJC_IMPLEMENTATIONS = YES;
				CLANG_WARN_DIRECT_OBJC_ISA_USAGE = YES_ERROR;
				CLANG_WARN_DOCUMENTATION_COMMENTS = YES;
				CLANG_WARN_EMPTY_BODY = YES;
				CLANG_WARN_ENUM_CONVERSION = YES;
				CLANG_WARN_INFINITE_RECURSION = YES;
				CLANG_WARN_INT_CONVERSION = YES;
				CLANG_WARN_NON_LITERAL_NULL_CONVERSION = YES;
				CLANG_WARN_OBJC_IMPLICIT_RETAIN_SELF = YES;
				CLANG_WARN_OBJC_LITERAL_CONVERSION = YES;
				CLANG_WARN_OBJC_ROOT_CLASS = YES_ERROR;
				CLANG_WARN_QUOTED_INCLUDE_IN_FRAMEWORK_HEADER = YES;
				CLANG_WARN_RANGE_LOOP_ANALYSIS = YES;
				CLANG_WARN_STRICT_PROTOTYPES = YES;
				CLANG_WARN_SUSPICIOUS_MOVE = YES;
				CLANG_WARN_UNGUARDED_AVAILABILITY = YES_AGGRESSIVE;
				CLANG_WARN_UNREACHABLE_CODE = YES;
				CLANG_WARN__DUPLICATE_METHOD_MATCH = YES;
				COPY_PHASE_STRIP = NO;
				DEBUG_INFORMATION_FORMAT = dwarf;
				ENABLE_STRICT_OBJC_MSGSEND = YES;
				ENABLE_TESTABILITY = YES;
				ENABLE_USER_SCRIPT_SANDBOXING = YES;
				GCC_C_LANGUAGE_STANDARD = gnu17;
				GCC_DYNAMIC_NO_PIC = NO;
				GCC_NO_COMMON_BLOCKS = YES;
				GCC_OPTIMIZATION_LEVEL = 0;
				GCC_PREPROCESSOR_DEFINITIONS = (
					"DEBUG=1",
					"$(inherited)",
				);
				GCC_WARN_64_TO_32_BIT_CONVERSION = YES;
				GCC_WARN_ABOUT_RETURN_TYPE = YES_ERROR;
				GCC_WARN_UNDECLARED_SELECTOR = YES;
				GCC_WARN_UNINITIALIZED_AUTOS = YES_AGGRESSIVE;
				GCC_WARN_UNUSED_FUNCTION = YES;
				GCC_WARN_UNUSED_VARIABLE = YES;
				IPHONEOS_DEPLOYMENT_TARGET = 17.0;
				LOCALIZATION_PREFERS_STRING_CATALOGS = YES;
				MTL_ENABLE_DEBUG_INFO = INCLUDE_SOURCE;
				MTL_FAST_MATH = YES;
				ONLY_ACTIVE_ARCH = YES;
				SDKROOT = iphoneos;
				SWIFT_ACTIVE_COMPILATION_CONDITIONS = "DEBUG $(inherited)";
				SWIFT_OPTIMIZATION_LEVEL = "-Onone";
			};
			name = Debug;
		};
		B5ABD6BF2AD451560072ECC3 /* Release */ = {
			isa = XCBuildConfiguration;
			buildSettings = {
				ALWAYS_SEARCH_USER_PATHS = NO;
				ASSETCATALOG_COMPILER_GENERATE_SWIFT_ASSET_SYMBOL_EXTENSIONS = YES;
				CLANG_ANALYZER_NONNULL = YES;
				CLANG_ANALYZER_NUMBER_OBJECT_CONVERSION = YES_AGGRESSIVE;
				CLANG_CXX_LANGUAGE_STANDARD = "gnu++20";
				CLANG_ENABLE_MODULES = YES;
				CLANG_ENABLE_OBJC_ARC = YES;
				CLANG_ENABLE_OBJC_WEAK = YES;
				CLANG_WARN_BLOCK_CAPTURE_AUTORELEASING = YES;
				CLANG_WARN_BOOL_CONVERSION = YES;
				CLANG_WARN_COMMA = YES;
				CLANG_WARN_CONSTANT_CONVERSION = YES;
				CLANG_WARN_DEPRECATED_OBJC_IMPLEMENTATIONS = YES;
				CLANG_WARN_DIRECT_OBJC_ISA_USAGE = YES_ERROR;
				CLANG_WARN_DOCUMENTATION_COMMENTS = YES;
				CLANG_WARN_EMPTY_BODY = YES;
				CLANG_WARN_ENUM_CONVERSION = YES;
				CLANG_WARN_INFINITE_RECURSION = YES;
				CLANG_WARN_INT_CONVERSION = YES;
				CLANG_WARN_NON_LITERAL_NULL_CONVERSION = YES;
				CLANG_WARN_OBJC_IMPLICIT_RETAIN_SELF = YES;
				CLANG_WARN_OBJC_LITERAL_CONVERSION = YES;
				CLANG_WARN_OBJC_ROOT_CLASS = YES_ERROR;
				CLANG_WARN_QUOTED_INCLUDE_IN_FRAMEWORK_HEADER = YES;
				CLANG_WARN_RANGE_LOOP_ANALYSIS = YES;
				CLANG_WARN_STRICT_PROTOTYPES = YES;
				CLANG_WARN_SUSPICIOUS_MOVE = YES;
				CLANG_WARN_UNGUARDED_AVAILABILITY = YES_AGGRESSIVE;
				CLANG_WARN_UNREACHABLE_CODE = YES;
				CLANG_WARN__DUPLICATE_METHOD_MATCH = YES;
				COPY_PHASE_STRIP = NO;
				DEBUG_INFORMATION_FORMAT = "dwarf-with-dsym";
				ENABLE_NS_ASSERTIONS = NO;
				ENABLE_STRICT_OBJC_MSGSEND = YES;
				ENABLE_USER_SCRIPT_SANDBOXING = YES;
				GCC_C_LANGUAGE_STANDARD = gnu17;
				GCC_NO_COMMON_BLOCKS = YES;
				GCC_WARN_64_TO_32_BIT_CONVERSION = YES;
				GCC_WARN_ABOUT_RETURN_TYPE = YES_ERROR;
				GCC_WARN_UNDECLARED_SELECTOR = YES;
				GCC_WARN_UNINITIALIZED_AUTOS = YES_AGGRESSIVE;
				GCC_WARN_UNUSED_FUNCTION = YES;
				GCC_WARN_UNUSED_VARIABLE = YES;
				IPHONEOS_DEPLOYMENT_TARGET = 17.0;
				LOCALIZATION_PREFERS_STRING_CATALOGS = YES;
				MTL_ENABLE_DEBUG_INFO = NO;
				MTL_FAST_MATH = YES;
				SDKROOT = iphoneos;
				SWIFT_COMPILATION_MODE = wholemodule;
				VALIDATE_PRODUCT = YES;
			};
			name = Release;
		};
		B5ABD6C12AD451560072ECC3 /* Debug */ = {
			isa = XCBuildConfiguration;
			buildSettings = {
				ASSETCATALOG_COMPILER_APPICON_NAME = AppIcon;
				ASSETCATALOG_COMPILER_GLOBAL_ACCENT_COLOR_NAME = AccentColor;
				CODE_SIGN_STYLE = Automatic;
				CURRENT_PROJECT_VERSION = 1;
				DEVELOPMENT_ASSET_PATHS = "\"Agenda/Preview Content\"";
				DEVELOPMENT_TEAM = DA62ZF56KZ;
				ENABLE_PREVIEWS = YES;
				GENERATE_INFOPLIST_FILE = YES;
				INFOPLIST_KEY_UIApplicationSceneManifest_Generation = YES;
				INFOPLIST_KEY_UIApplicationSupportsIndirectInputEvents = YES;
				INFOPLIST_KEY_UILaunchScreen_Generation = YES;
				INFOPLIST_KEY_UISupportedInterfaceOrientations_iPad = "UIInterfaceOrientationPortrait UIInterfaceOrientationPortraitUpsideDown UIInterfaceOrientationLandscapeLeft UIInterfaceOrientationLandscapeRight";
				INFOPLIST_KEY_UISupportedInterfaceOrientations_iPhone = "UIInterfaceOrientationPortrait UIInterfaceOrientationLandscapeLeft UIInterfaceOrientationLandscapeRight";
				LD_RUNPATH_SEARCH_PATHS = (
					"$(inherited)",
					"@executable_path/Frameworks",
				);
				MARKETING_VERSION = 1.0;
				PRODUCT_BUNDLE_IDENTIFIER = com.andrewkykoo.Agenda;
				PRODUCT_NAME = "$(TARGET_NAME)";
				SWIFT_EMIT_LOC_STRINGS = YES;
				SWIFT_VERSION = 5.0;
				TARGETED_DEVICE_FAMILY = "1,2";
			};
			name = Debug;
		};
		B5ABD6C22AD451560072ECC3 /* Release */ = {
			isa = XCBuildConfiguration;
			buildSettings = {
				ASSETCATALOG_COMPILER_APPICON_NAME = AppIcon;
				ASSETCATALOG_COMPILER_GLOBAL_ACCENT_COLOR_NAME = AccentColor;
				CODE_SIGN_STYLE = Automatic;
				CURRENT_PROJECT_VERSION = 1;
				DEVELOPMENT_ASSET_PATHS = "\"Agenda/Preview Content\"";
				DEVELOPMENT_TEAM = DA62ZF56KZ;
				ENABLE_PREVIEWS = YES;
				GENERATE_INFOPLIST_FILE = YES;
				INFOPLIST_KEY_UIApplicationSceneManifest_Generation = YES;
				INFOPLIST_KEY_UIApplicationSupportsIndirectInputEvents = YES;
				INFOPLIST_KEY_UILaunchScreen_Generation = YES;
				INFOPLIST_KEY_UISupportedInterfaceOrientations_iPad = "UIInterfaceOrientationPortrait UIInterfaceOrientationPortraitUpsideDown UIInterfaceOrientationLandscapeLeft UIInterfaceOrientationLandscapeRight";
				INFOPLIST_KEY_UISupportedInterfaceOrientations_iPhone = "UIInterfaceOrientationPortrait UIInterfaceOrientationLandscapeLeft UIInterfaceOrientationLandscapeRight";
				LD_RUNPATH_SEARCH_PATHS = (
					"$(inherited)",
					"@executable_path/Frameworks",
				);
				MARKETING_VERSION = 1.0;
				PRODUCT_BUNDLE_IDENTIFIER = com.andrewkykoo.Agenda;
				PRODUCT_NAME = "$(TARGET_NAME)";
				SWIFT_EMIT_LOC_STRINGS = YES;
				SWIFT_VERSION = 5.0;
				TARGETED_DEVICE_FAMILY = "1,2";
			};
			name = Release;
		};
/* End XCBuildConfiguration section */

/* Begin XCConfigurationList section */
		B5ABD6A82AD451550072ECC3 /* Build configuration list for PBXProject "Agenda" */ = {
			isa = XCConfigurationList;
			buildConfigurations = (
				B5ABD6BE2AD451560072ECC3 /* Debug */,
				B5ABD6BF2AD451560072ECC3 /* Release */,
			);
			defaultConfigurationIsVisible = 0;
			defaultConfigurationName = Release;
		};
		B5ABD6C02AD451560072ECC3 /* Build configuration list for PBXNativeTarget "Agenda" */ = {
			isa = XCConfigurationList;
			buildConfigurations = (
				B5ABD6C12AD451560072ECC3 /* Debug */,
				B5ABD6C22AD451560072ECC3 /* Release */,
			);
			defaultConfigurationIsVisible = 0;
			defaultConfigurationName = Release;
		};
/* End XCConfigurationList section */

/* Begin XCVersionGroup section */
		B5ABD6BB2AD451560072ECC3 /* Agenda.xcdatamodeld */ = {
			isa = XCVersionGroup;
			children = (
				B5ABD6BC2AD451560072ECC3 /* Agenda.xcdatamodel */,
			);
			currentVersion = B5ABD6BC2AD451560072ECC3 /* Agenda.xcdatamodel */;
			path = Agenda.xcdatamodeld;
			sourceTree = "<group>";
			versionGroupType = wrapper.xcdatamodel;
		};
/* End XCVersionGroup section */
	};
	rootObject = B5ABD6A52AD451550072ECC3 /* Project object */;
}
